{
  "projects": [
    {
      "projectId": "7nJ7UcFmq9UzB6eXfC5z4a",
      "version": "0.36.0",
      "dependencies": {},
      "lang": "ts",
      "fileLocks": [
        {
          "assetId": "7nJ7UcFmq9UzB6eXfC5z4a",
          "checksum": "7163d6064a75eb61d5378e18a09f8af8",
          "type": "projectModule"
        },
        {
          "assetId": "7nJ7UcFmq9UzB6eXfC5z4a",
          "checksum": "4b44efa19ae2bdd8aa4d0e4ecd07daf0",
          "type": "styleTokensProvider"
        },
        {
          "assetId": "7nJ7UcFmq9UzB6eXfC5z4a",
          "type": "projectCss",
          "checksum": "094acef1b416945664ed3718a7cd2665"
        }
      ],
      "codegenVersion": "0.0.2"
    },
    {
      "projectId": "szjgMQpPpxhmkjnaBvZQJG",
      "version": "2.33.0",
      "dependencies": {},
      "lang": "ts",
      "fileLocks": [
        {
          "assetId": "szjgMQpPpxhmkjnaBvZQJG",
          "checksum": "8c655463db5c17bf2906250115e4edd4",
          "type": "projectModule"
        },
        {
          "assetId": "szjgMQpPpxhmkjnaBvZQJG",
          "checksum": "b7c1e194972bc33c414c77bb78f46653",
          "type": "styleTokensProvider"
        },
        {
          "assetId": "szjgMQpPpxhmkjnaBvZQJG",
          "type": "projectCss",
          "checksum": "db14e06871f75daefa3136e8e8a55a47"
        }
      ],
      "codegenVersion": "0.0.2"
    },
    {
      "projectId": "xp1p7dmg329XVLHyuEUxD2",
      "version": "11.40.0",
      "dependencies": {},
      "lang": "ts",
      "fileLocks": [
        {
          "assetId": "xp1p7dmg329XVLHyuEUxD2",
          "checksum": "b47a6c654d3425582777c8bb57615869",
          "type": "projectModule"
        },
        {
          "assetId": "xp1p7dmg329XVLHyuEUxD2",
          "checksum": "8deabe206ba15697102309ec4ca09749",
          "type": "styleTokensProvider"
        },
        {
          "assetId": "xp1p7dmg329XVLHyuEUxD2",
          "type": "projectCss",
          "checksum": "2b3c0d9d38e51eed38ac4a025776358b"
        }
      ],
      "codegenVersion": "0.0.2"
    },
    {
      "projectId": "gmeH6XgPaBtkt51HunAo4g",
      "version": "18.25.0",
      "dependencies": {},
      "lang": "ts",
      "fileLocks": [
        {
          "assetId": "gmeH6XgPaBtkt51HunAo4g",
          "checksum": "b257914c183ee7b8f06149f466106930",
          "type": "projectModule"
        },
        {
          "assetId": "gmeH6XgPaBtkt51HunAo4g",
          "checksum": "2761cb86563caae329d2f632cfefa8f5",
          "type": "styleTokensProvider"
        },
        {
          "assetId": "gmeH6XgPaBtkt51HunAo4g",
          "type": "projectCss",
          "checksum": "fd97b5780f8a68a1561c8818e6d31f40"
        }
      ],
      "codegenVersion": "0.0.2"
    },
    {
      "projectId": "sqPBLwEBBKHA2WDuGb17eV",
      "version": "2.9.0",
      "dependencies": {},
      "lang": "ts",
      "fileLocks": [
        {
          "assetId": "sqPBLwEBBKHA2WDuGb17eV",
          "checksum": "9336f76952c0d97c64ae4e3da40cf418",
          "type": "projectModule"
        },
        {
          "assetId": "sqPBLwEBBKHA2WDuGb17eV",
          "checksum": "0cbeb4d089ec718f3581db4e556b423b",
          "type": "styleTokensProvider"
        },
        {
          "type": "renderModule",
          "assetId": "5nirPCGmCnRD",
          "checksum": "0b617c1f5cc629ae5037327d171ee932"
        },
        {
          "type": "cssRules",
          "assetId": "5nirPCGmCnRD",
          "checksum": "0b617c1f5cc629ae5037327d171ee932"
        },
        {
          "type": "icon",
          "assetId": "Wyt3GMMsLefj",
          "checksum": "deaf3f5a9deac5496bb1f95e8d12632e"
        },
        {
          "type": "icon",
          "assetId": "MbDRsJU0e3bw",
          "checksum": "9d51d53684707877b3fd221333160d5b"
        },
        {
          "assetId": "sqPBLwEBBKHA2WDuGb17eV",
          "type": "projectCss",
          "checksum": "fd97b5780f8a68a1561c8818e6d31f40"
        }
      ],
      "codegenVersion": "0.0.2"
    },
    {
      "projectId": "vqeFwpZFQ6buChy6T9PGwQ",
      "version": "0.17.0",
      "dependencies": {},
      "lang": "ts",
      "fileLocks": [
        {
          "assetId": "vqeFwpZFQ6buChy6T9PGwQ",
          "checksum": "852bc7aff0729539a82a317c992e63c4",
          "type": "projectModule"
        },
        {
          "assetId": "vqeFwpZFQ6buChy6T9PGwQ",
          "checksum": "4d0f6ff011b2d0c4fb4957f33adeecf3",
          "type": "styleTokensProvider"
        },
        {
          "assetId": "vqeFwpZFQ6buChy6T9PGwQ",
          "type": "projectCss",
          "checksum": "fd97b5780f8a68a1561c8818e6d31f40"
        }
      ],
      "codegenVersion": "0.0.2"
    },
    {
      "projectId": "enk3K4vZ6pmH6kVCoZJXGn",
      "version": "4.31.0",
      "dependencies": {},
      "lang": "ts",
      "fileLocks": [
        {
          "assetId": "enk3K4vZ6pmH6kVCoZJXGn",
          "checksum": "1eb3a10253c4049b9b92bf2126d61dbb",
          "type": "projectModule"
        },
        {
          "assetId": "enk3K4vZ6pmH6kVCoZJXGn",
          "checksum": "70dac8e885365753b82178ecfdedbe47",
          "type": "styleTokensProvider"
        },
        {
          "assetId": "enk3K4vZ6pmH6kVCoZJXGn",
          "type": "projectCss",
          "checksum": "1f4e5cf64d078aa6f6f714a1afc230dc"
        }
      ],
      "codegenVersion": "0.0.2"
    },
    {
      "projectId": "ohDidvG9XsCeFumugENU3J",
      "version": "6.34.0",
      "dependencies": {},
      "lang": "ts",
      "fileLocks": [
        {
          "assetId": "ohDidvG9XsCeFumugENU3J",
          "checksum": "f35a7050af9ad27b5adac4d101d88037",
          "type": "globalContexts"
        },
        {
          "assetId": "ohDidvG9XsCeFumugENU3J",
          "checksum": "c425737058d1ac29382a23e54666cb69",
          "type": "projectModule"
        },
        {
          "assetId": "ohDidvG9XsCeFumugENU3J",
          "checksum": "220d8db3ee1a6eca080affb2e5d2e314",
          "type": "styleTokensProvider"
        },
        {
          "assetId": "ohDidvG9XsCeFumugENU3J",
          "type": "projectCss",
          "checksum": "90d914ab6827da8f06873ac8ab81cbfa"
        }
      ],
      "codegenVersion": "0.0.2"
    },
    {
      "projectId": "5dGW8Awro3qq8Hh5MveXLP",
      "version": "1.33.0",
      "dependencies": {},
      "lang": "ts",
      "fileLocks": [
        {
          "assetId": "5dGW8Awro3qq8Hh5MveXLP",
          "checksum": "ff8796b178f40a0c631055f17c8167f4",
          "type": "projectModule"
        },
        {
          "assetId": "5dGW8Awro3qq8Hh5MveXLP",
          "checksum": "f33c42ccf338238b4546222a188a7dcf",
          "type": "styleTokensProvider"
        },
        {
          "assetId": "5dGW8Awro3qq8Hh5MveXLP",
          "type": "projectCss",
          "checksum": "b9414fa94f191c32b1dd06b4ef7b0ad4"
        }
      ],
      "codegenVersion": "0.0.2"
    },
    {
      "projectId": "caTPwKxj5ZrD9LQ7DMdK4Z",
      "version": "3.45.0",
      "dependencies": {},
      "lang": "ts",
      "fileLocks": [
        {
          "assetId": "caTPwKxj5ZrD9LQ7DMdK4Z",
          "checksum": "efdcd613ac98718578f9c563cd75fd38",
          "type": "projectModule"
        },
        {
          "assetId": "caTPwKxj5ZrD9LQ7DMdK4Z",
          "checksum": "786b5e9825dbcc9f57e650603b1b1624",
          "type": "styleTokensProvider"
        },
        {
          "assetId": "caTPwKxj5ZrD9LQ7DMdK4Z",
          "type": "projectCss",
          "checksum": "fd97b5780f8a68a1561c8818e6d31f40"
        }
      ],
      "codegenVersion": "0.0.2"
    },
    {
      "projectId": "r3ASNrnyvLLLAtDvzUioQ",
      "version": "4.13.0",
      "dependencies": {},
      "lang": "ts",
      "fileLocks": [
        {
          "assetId": "r3ASNrnyvLLLAtDvzUioQ",
          "checksum": "e100b8df3fdcbf40afdd96478006bbf7",
          "type": "projectModule"
        },
        {
          "assetId": "r3ASNrnyvLLLAtDvzUioQ",
          "checksum": "b0181bfa3fa68f3b889da9be7d7df94f",
          "type": "styleTokensProvider"
        },
        {
          "assetId": "r3ASNrnyvLLLAtDvzUioQ",
          "type": "projectCss",
          "checksum": "fd97b5780f8a68a1561c8818e6d31f40"
        }
      ],
      "codegenVersion": "0.0.2"
    },
    {
      "projectId": "58GpZjZCWTaJ8AUhpCwt2K",
      "version": "3.33.0",
      "dependencies": {},
      "lang": "ts",
      "fileLocks": [
        {
          "assetId": "58GpZjZCWTaJ8AUhpCwt2K",
          "checksum": "ba5a227fa7f7d5c086cc9a3f0cebe732",
          "type": "projectModule"
        },
        {
          "assetId": "58GpZjZCWTaJ8AUhpCwt2K",
          "checksum": "ce805aeb5be9bd988f98833caab3188b",
          "type": "styleTokensProvider"
        },
        {
          "assetId": "58GpZjZCWTaJ8AUhpCwt2K",
          "type": "projectCss",
          "checksum": "b4cfca3020a1c748035158bb466abc3b"
        }
      ],
      "codegenVersion": "0.0.2"
    },
    {
      "projectId": "84wxoth5npGrp6RRXPL88z",
      "version": "4.35.0",
      "dependencies": {},
      "lang": "ts",
      "fileLocks": [
        {
          "assetId": "84wxoth5npGrp6RRXPL88z",
          "checksum": "8010bda5a77b9d0671d53fbbe8bdc1aa",
          "type": "globalContexts"
        },
        {
          "assetId": "84wxoth5npGrp6RRXPL88z",
          "checksum": "08122ad9084b02fdb954849c288be16d",
          "type": "projectModule"
        },
        {
          "assetId": "84wxoth5npGrp6RRXPL88z",
          "checksum": "06099f88e0ef8b9f63428eb56dd10f34",
          "type": "styleTokensProvider"
        },
        {
          "assetId": "84wxoth5npGrp6RRXPL88z",
          "type": "projectCss",
          "checksum": "f2a1a678bf448486f51370156b4f3b71"
        }
      ],
      "codegenVersion": "0.0.2"
    },
    {
      "projectId": "mJqpyqbUtzd2VoHjhzzUXf",
      "version": "latest",
      "dependencies": {
        "84wxoth5npGrp6RRXPL88z": "4.35.0",
        "58GpZjZCWTaJ8AUhpCwt2K": "3.33.0",
        "r3ASNrnyvLLLAtDvzUioQ": "4.13.0",
        "caTPwKxj5ZrD9LQ7DMdK4Z": "3.45.0",
        "5dGW8Awro3qq8Hh5MveXLP": "1.33.0",
        "ohDidvG9XsCeFumugENU3J": "6.34.0",
        "enk3K4vZ6pmH6kVCoZJXGn": "4.31.0",
        "vqeFwpZFQ6buChy6T9PGwQ": "0.17.0",
        "sqPBLwEBBKHA2WDuGb17eV": "2.9.0",
        "gmeH6XgPaBtkt51HunAo4g": "18.25.0",
        "xp1p7dmg329XVLHyuEUxD2": "11.40.0",
        "szjgMQpPpxhmkjnaBvZQJG": "2.33.0",
        "7nJ7UcFmq9UzB6eXfC5z4a": "0.36.0"
      },
      "lang": "ts",
      "fileLocks": [
        {
          "type": "globalVariant",
          "assetId": "zl2IwNTVPxZ6",
          "checksum": "21c3c5e5beacf3bcb38c92c88821a7d2"
        },
        {
          "assetId": "mJqpyqbUtzd2VoHjhzzUXf",
          "checksum": "43c99817f6705b0d63bc24206f67ba6e",
          "type": "globalContexts"
        },
        {
          "assetId": "mJqpyqbUtzd2VoHjhzzUXf",
          "checksum": "04846346fe0f32a78b342254e5b58cb4",
          "type": "projectModule"
        },
        {
          "assetId": "mJqpyqbUtzd2VoHjhzzUXf",
          "checksum": "1590b4e27fbfc0d3112dba84b684ac5b",
          "type": "styleTokensProvider"
        },
        {
          "type": "renderModule",
          "assetId": "y61rLxDNYj2u",
          "checksum": "f7aa4de7ead95ab1b012cbce9fb3db5d"
        },
        {
          "type": "cssRules",
          "assetId": "y61rLxDNYj2u",
          "checksum": "f7aa4de7ead95ab1b012cbce9fb3db5d"
        },
        {
          "type": "renderModule",
          "assetId": "JJjSYreY6nt-",
          "checksum": "2f2ffdc815fe6ef299bd79388662bdc7"
        },
        {
          "type": "cssRules",
          "assetId": "JJjSYreY6nt-",
          "checksum": "2f2ffdc815fe6ef299bd79388662bdc7"
        },
        {
          "type": "renderModule",
          "assetId": "MSar6DcBXkYf",
          "checksum": "ea6a93be58f5b80ec1dadd1eb2c1ed88"
        },
        {
          "type": "cssRules",
          "assetId": "MSar6DcBXkYf",
          "checksum": "ea6a93be58f5b80ec1dadd1eb2c1ed88"
        },
        {
          "type": "renderModule",
          "assetId": "Cuev8U_BJlLG",
          "checksum": "c9344d86c33df049a1eda2907aa0e7c9"
        },
        {
          "type": "cssRules",
          "assetId": "Cuev8U_BJlLG",
          "checksum": "c9344d86c33df049a1eda2907aa0e7c9"
        },
        {
          "type": "renderModule",
          "assetId": "uO0H7emf5cyh",
          "checksum": "8ba24d42f9d276a9a57275d94adab37b"
        },
        {
          "type": "cssRules",
          "assetId": "uO0H7emf5cyh",
          "checksum": "8ba24d42f9d276a9a57275d94adab37b"
        },
        {
          "type": "renderModule",
          "assetId": "j73jVBp6b0B7",
          "checksum": "f8de1992d9c544ea7f9f5246acfaef2f"
        },
        {
          "type": "cssRules",
          "assetId": "j73jVBp6b0B7",
          "checksum": "f8de1992d9c544ea7f9f5246acfaef2f"
        },
        {
          "type": "renderModule",
          "assetId": "m2_CPv6IQLFz",
          "checksum": "b7a068c6c4d4a46756dad3f6b02cb7d4"
        },
        {
          "type": "cssRules",
          "assetId": "m2_CPv6IQLFz",
          "checksum": "b7a068c6c4d4a46756dad3f6b02cb7d4"
        },
        {
          "type": "renderModule",
          "assetId": "tJYzp7E7H0MW",
          "checksum": "40314bb5d72d0410db9326cb87fddfa5"
        },
        {
          "type": "cssRules",
          "assetId": "tJYzp7E7H0MW",
          "checksum": "40314bb5d72d0410db9326cb87fddfa5"
        },
        {
          "type": "renderModule",
          "assetId": "Qsry9E0c5wRj",
          "checksum": "5e4ec71a148a376b038fb2dd98d502cd"
        },
        {
          "type": "cssRules",
          "assetId": "Qsry9E0c5wRj",
          "checksum": "5e4ec71a148a376b038fb2dd98d502cd"
        },
        {
          "type": "renderModule",
          "assetId": "4QwzVH-aXiye",
          "checksum": "23b7e5c8405ad6c847811379e52419e9"
        },
        {
          "type": "cssRules",
          "assetId": "4QwzVH-aXiye",
          "checksum": "23b7e5c8405ad6c847811379e52419e9"
        },
        {
          "type": "renderModule",
          "assetId": "hA4FTYmfciht",
          "checksum": "9cbae1bda73b1e06e481636996d99670"
        },
        {
          "type": "cssRules",
          "assetId": "hA4FTYmfciht",
          "checksum": "9cbae1bda73b1e06e481636996d99670"
        },
        {
          "type": "renderModule",
          "assetId": "TXgAYHWSvuIg",
          "checksum": "b935101167ffbee4774f49ba5c077da1"
        },
        {
          "type": "cssRules",
          "assetId": "TXgAYHWSvuIg",
          "checksum": "b935101167ffbee4774f49ba5c077da1"
        },
        {
          "type": "renderModule",
          "assetId": "EvsMBK5k_hJG",
          "checksum": "a763f4e1bf8d47301f2aebba311fa4ca"
        },
        {
          "type": "cssRules",
          "assetId": "EvsMBK5k_hJG",
          "checksum": "a763f4e1bf8d47301f2aebba311fa4ca"
        },
        {
          "type": "renderModule",
          "assetId": "qT7hADdW03Jc",
          "checksum": "b875fe874aa2b83b27c911174c4768ce"
        },
        {
          "type": "cssRules",
          "assetId": "qT7hADdW03Jc",
          "checksum": "b875fe874aa2b83b27c911174c4768ce"
        },
        {
          "type": "renderModule",
          "assetId": "4lJ-jqZzgtZ8",
          "checksum": "eaf907a531dab9e723a9f0627e59bedf"
        },
        {
          "type": "cssRules",
          "assetId": "4lJ-jqZzgtZ8",
          "checksum": "eaf907a531dab9e723a9f0627e59bedf"
        },
        {
          "type": "renderModule",
          "assetId": "a1yl-MATwwH4",
          "checksum": "e1e7023fe0df11e99eafaf792333817d"
        },
        {
          "type": "cssRules",
          "assetId": "a1yl-MATwwH4",
          "checksum": "e1e7023fe0df11e99eafaf792333817d"
        },
        {
          "type": "renderModule",
          "assetId": "PW9NSerIwXDt",
          "checksum": "87b604d34917ba968b805a964dd80b61"
        },
        {
          "type": "cssRules",
          "assetId": "PW9NSerIwXDt",
          "checksum": "87b604d34917ba968b805a964dd80b61"
        },
        {
          "type": "renderModule",
          "assetId": "TSVyqa1vedzV",
          "checksum": "b8f47c0b911437ba156cb31f3da502fd"
        },
        {
          "type": "cssRules",
          "assetId": "TSVyqa1vedzV",
          "checksum": "b8f47c0b911437ba156cb31f3da502fd"
        },
        {
          "type": "renderModule",
          "assetId": "5e4CktAHvQep",
          "checksum": "cb6f9a563047a955a5c75a1238e3c811"
        },
        {
          "type": "cssRules",
          "assetId": "5e4CktAHvQep",
          "checksum": "cb6f9a563047a955a5c75a1238e3c811"
        },
        {
          "type": "renderModule",
          "assetId": "-dz9eTlPfUTl",
          "checksum": "e60fcc5b9bc17d93b507973c78aa7da9"
        },
        {
          "type": "cssRules",
          "assetId": "-dz9eTlPfUTl",
          "checksum": "e60fcc5b9bc17d93b507973c78aa7da9"
        },
        {
          "type": "renderModule",
          "assetId": "xSWSKlu6yiYm",
          "checksum": "78bbca9d51bc4963955437dfe0bfedab"
        },
        {
          "type": "cssRules",
          "assetId": "xSWSKlu6yiYm",
          "checksum": "78bbca9d51bc4963955437dfe0bfedab"
        },
        {
          "type": "renderModule",
          "assetId": "YY2FpV9I_39a",
          "checksum": "4352ef37f3c753ac602da9933b35a80b"
        },
        {
          "type": "cssRules",
          "assetId": "YY2FpV9I_39a",
          "checksum": "4352ef37f3c753ac602da9933b35a80b"
        },
        {
          "type": "renderModule",
          "assetId": "y-FLnNWePJbt",
          "checksum": "49447c75c73d5ee0b49c9a30477f84e3"
        },
        {
          "type": "cssRules",
          "assetId": "y-FLnNWePJbt",
          "checksum": "49447c75c73d5ee0b49c9a30477f84e3"
        },
        {
          "type": "renderModule",
          "assetId": "GT3YqJyjSoJG",
          "checksum": "0a7525bd391d59a2606b7c31a4f04f77"
        },
        {
          "type": "cssRules",
          "assetId": "GT3YqJyjSoJG",
          "checksum": "0a7525bd391d59a2606b7c31a4f04f77"
        },
        {
          "type": "renderModule",
          "assetId": "yITFjBWRumHx",
          "checksum": "3c389dd35dc74429fdb9bd4a1f2f6c63"
        },
        {
          "type": "cssRules",
          "assetId": "yITFjBWRumHx",
          "checksum": "3c389dd35dc74429fdb9bd4a1f2f6c63"
        },
        {
          "type": "renderModule",
          "assetId": "IO3zisbnpkhM",
          "checksum": "6eea39e387a4693203e88fec6d87324e"
        },
        {
          "type": "cssRules",
          "assetId": "IO3zisbnpkhM",
          "checksum": "6eea39e387a4693203e88fec6d87324e"
        },
        {
          "type": "renderModule",
          "assetId": "Nj5CZ4TEJ72v",
          "checksum": "7ecade1987eca9a3ec08555510751c38"
        },
        {
          "type": "cssRules",
          "assetId": "Nj5CZ4TEJ72v",
          "checksum": "7ecade1987eca9a3ec08555510751c38"
        },
        {
          "type": "renderModule",
          "assetId": "6EVQCHUb4ELF",
          "checksum": "33fcdb60c3a27c38bb225e03cf79f1f5"
        },
        {
          "type": "cssRules",
          "assetId": "6EVQCHUb4ELF",
          "checksum": "33fcdb60c3a27c38bb225e03cf79f1f5"
        },
        {
          "type": "renderModule",
          "assetId": "7ExoWXBDyKl9",
          "checksum": "f3f023e4b0045123e49e184aa11154c5"
        },
        {
          "type": "cssRules",
          "assetId": "7ExoWXBDyKl9",
          "checksum": "f3f023e4b0045123e49e184aa11154c5"
        },
        {
          "type": "renderModule",
          "assetId": "Qk4mpn52p6hI",
          "checksum": "ce6605166c98fb2d05857bd8e28855dc"
        },
        {
          "type": "cssRules",
          "assetId": "Qk4mpn52p6hI",
          "checksum": "ce6605166c98fb2d05857bd8e28855dc"
        },
        {
          "type": "renderModule",
          "assetId": "cE9W8VGUfxT_",
          "checksum": "ec4c81fe38a305366a7963365b63aad7"
        },
        {
          "type": "cssRules",
          "assetId": "cE9W8VGUfxT_",
          "checksum": "ec4c81fe38a305366a7963365b63aad7"
        },
        {
          "type": "renderModule",
          "assetId": "nXrdGn-UefeK",
          "checksum": "80c118143d068ef263a9b8f87efc9f49"
        },
        {
          "type": "cssRules",
          "assetId": "nXrdGn-UefeK",
          "checksum": "80c118143d068ef263a9b8f87efc9f49"
        },
        {
          "type": "renderModule",
          "assetId": "zRgyuNvkAa82",
          "checksum": "9bb0afdf77ae804516b3e02fd0da7f9e"
        },
        {
          "type": "cssRules",
          "assetId": "zRgyuNvkAa82",
          "checksum": "9bb0afdf77ae804516b3e02fd0da7f9e"
        },
        {
          "type": "renderModule",
          "assetId": "4HkwR4_opXh_",
          "checksum": "4fbc98dd234eda7daf78a520cf4dec66"
        },
        {
          "type": "cssRules",
          "assetId": "4HkwR4_opXh_",
          "checksum": "4fbc98dd234eda7daf78a520cf4dec66"
        },
        {
          "type": "renderModule",
          "assetId": "8II9yLaW_YzO",
          "checksum": "ca90aff01fed42117ae31b313b205227"
        },
        {
          "type": "cssRules",
          "assetId": "8II9yLaW_YzO",
          "checksum": "ca90aff01fed42117ae31b313b205227"
        },
        {
          "type": "renderModule",
          "assetId": "4VLCeQmYF0lF",
          "checksum": "2413aff217fa7984a719390d73762b36"
        },
        {
          "type": "cssRules",
          "assetId": "4VLCeQmYF0lF",
          "checksum": "2413aff217fa7984a719390d73762b36"
        },
        {
          "type": "renderModule",
          "assetId": "sV21mt0KzCc_",
          "checksum": "083f83e4a9d3c7f2e432b49f223c75ec"
        },
        {
          "type": "cssRules",
          "assetId": "sV21mt0KzCc_",
          "checksum": "083f83e4a9d3c7f2e432b49f223c75ec"
        },
        {
          "type": "renderModule",
          "assetId": "QGhGYNaZNLFQ",
          "checksum": "eb5c2f6aa025c0ee035d323f377e8547"
        },
        {
          "type": "cssRules",
          "assetId": "QGhGYNaZNLFQ",
          "checksum": "eb5c2f6aa025c0ee035d323f377e8547"
        },
        {
          "type": "renderModule",
          "assetId": "l2s9DfJ5Ts0v",
          "checksum": "9ebdbc916e2e45acc366ce4ad507420e"
        },
        {
          "type": "cssRules",
          "assetId": "l2s9DfJ5Ts0v",
          "checksum": "9ebdbc916e2e45acc366ce4ad507420e"
        },
        {
          "type": "renderModule",
          "assetId": "40rroiKGU4jp",
          "checksum": "dd5400bbf1ca22892cf4af288d81198c"
        },
        {
          "type": "cssRules",
          "assetId": "40rroiKGU4jp",
          "checksum": "dd5400bbf1ca22892cf4af288d81198c"
        },
        {
          "type": "renderModule",
          "assetId": "k8I-r2mqIPY8",
          "checksum": "0249c906d9c99db46206d935dcf3bfe4"
        },
        {
          "type": "cssRules",
          "assetId": "k8I-r2mqIPY8",
          "checksum": "0249c906d9c99db46206d935dcf3bfe4"
        },
        {
          "type": "renderModule",
          "assetId": "wQCGPIdTGjnG",
          "checksum": "13fcab59e13de5298eeba11f1020d084"
        },
        {
          "type": "cssRules",
          "assetId": "wQCGPIdTGjnG",
          "checksum": "13fcab59e13de5298eeba11f1020d084"
        },
        {
          "type": "renderModule",
          "assetId": "6rhJETjUSOTO",
          "checksum": "35aafaa760cdf03ff10460ab2e464c8d"
        },
        {
          "type": "cssRules",
          "assetId": "6rhJETjUSOTO",
          "checksum": "35aafaa760cdf03ff10460ab2e464c8d"
        },
        {
          "type": "renderModule",
          "assetId": "KHcWHBdYac_z",
          "checksum": "5f6c93eadef25c5d414645d788d2f242"
        },
        {
          "type": "cssRules",
          "assetId": "KHcWHBdYac_z",
          "checksum": "5f6c93eadef25c5d414645d788d2f242"
        },
        {
          "type": "renderModule",
          "assetId": "CbmnV1OXyZ72",
          "checksum": "340207912c790d001c6e0f1dac724101"
        },
        {
          "type": "cssRules",
          "assetId": "CbmnV1OXyZ72",
          "checksum": "340207912c790d001c6e0f1dac724101"
        },
        {
          "type": "renderModule",
          "assetId": "ZeTXWHltN_Xs",
          "checksum": "625c2f7cab6c54865ccab11b02f99aa1"
        },
        {
          "type": "cssRules",
          "assetId": "ZeTXWHltN_Xs",
          "checksum": "625c2f7cab6c54865ccab11b02f99aa1"
        },
        {
          "type": "renderModule",
          "assetId": "A80TObPsNRQ6",
          "checksum": "65031726fa7d73d419d7200392e3740d"
        },
        {
          "type": "cssRules",
          "assetId": "A80TObPsNRQ6",
          "checksum": "65031726fa7d73d419d7200392e3740d"
        },
        {
          "type": "renderModule",
          "assetId": "WHi0h0k6i9ll",
          "checksum": "504ca81957016a0733701eb07c40a648"
        },
        {
          "type": "cssRules",
          "assetId": "WHi0h0k6i9ll",
          "checksum": "504ca81957016a0733701eb07c40a648"
        },
        {
          "type": "renderModule",
          "assetId": "1vQbW38zFUM6",
          "checksum": "8b07577a91c6e2a22ab8fa5df4c31792"
        },
        {
          "type": "cssRules",
          "assetId": "1vQbW38zFUM6",
          "checksum": "8b07577a91c6e2a22ab8fa5df4c31792"
        },
        {
          "type": "renderModule",
          "assetId": "WxMsiRgxqwT7",
          "checksum": "d8c1c18f0d936c5bf79f54bbdba4b294"
        },
        {
          "type": "cssRules",
          "assetId": "WxMsiRgxqwT7",
          "checksum": "d8c1c18f0d936c5bf79f54bbdba4b294"
        },
        {
          "type": "renderModule",
          "assetId": "9SjXfM6GQCDO",
          "checksum": "a8eb21849ac252493f4998aadf8eba86"
        },
        {
          "type": "cssRules",
          "assetId": "9SjXfM6GQCDO",
          "checksum": "a8eb21849ac252493f4998aadf8eba86"
        },
        {
          "type": "renderModule",
          "assetId": "I7EV1OpTujrt",
          "checksum": "36dc44f112df4e1f127a88ec5582ab78"
        },
        {
          "type": "cssRules",
          "assetId": "I7EV1OpTujrt",
          "checksum": "36dc44f112df4e1f127a88ec5582ab78"
        },
        {
          "type": "renderModule",
          "assetId": "D1EMOH5X04fh",
          "checksum": "c08e713b3a4e720a977d0742908ef1c2"
        },
        {
          "type": "cssRules",
          "assetId": "D1EMOH5X04fh",
          "checksum": "c08e713b3a4e720a977d0742908ef1c2"
        },
        {
          "type": "renderModule",
          "assetId": "4DSeNvpwJ-aN",
          "checksum": "818d7fa67fc493b7e7261dddee063d77"
        },
        {
          "type": "cssRules",
          "assetId": "4DSeNvpwJ-aN",
          "checksum": "818d7fa67fc493b7e7261dddee063d77"
        },
        {
          "type": "renderModule",
          "assetId": "Mi9B3aqrV_wJ",
          "checksum": "e7080f494377a733da446e316928c948"
        },
        {
          "type": "cssRules",
          "assetId": "Mi9B3aqrV_wJ",
          "checksum": "e7080f494377a733da446e316928c948"
        },
        {
          "type": "icon",
          "assetId": "ep15jNBOwX87",
          "checksum": "2bce225c6e3b4e9b53868958d17858ba"
        },
        {
          "type": "icon",
          "assetId": "9hILA7Pb8GQY",
          "checksum": "e0c5faab128a5a1f1e25f7d936f4ef5c"
        },
        {
          "type": "icon",
          "assetId": "VN3grRGmR41j",
          "checksum": "7cee9aa570e1e4173d146fc1b140072c"
        },
        {
          "type": "icon",
          "assetId": "6dZEBRmlbvhW",
          "checksum": "b833ed6c45be6c7e1f4745c36f3a80ea"
        },
        {
          "type": "icon",
          "assetId": "NS2KjmsPezQl",
          "checksum": "d748637a6c1e1e060197a693958fdcf0"
        },
        {
          "type": "icon",
          "assetId": "kFvyoloXvVSM",
          "checksum": "117c965bf1610f82e218f4db76ab7383"
        },
        {
          "type": "icon",
          "assetId": "bzrZ5Muri71Z",
          "checksum": "ff1955c0b4d1fc644d3abccaa57039fb"
        },
        {
          "type": "icon",
          "assetId": "dYTeiOOQJA1Q",
          "checksum": "79037b93d41c0aac90dd5b2cdfad8d35"
        },
        {
          "type": "icon",
          "assetId": "f53VZgPaKiNz",
          "checksum": "abc3c917b0e0c94508aa4b0a6488d897"
        },
        {
          "type": "icon",
          "assetId": "dZukn2IzHkMW",
          "checksum": "eee3f907b85d6f91f718378905382812"
        },
        {
          "type": "icon",
          "assetId": "nYF49W4WowLe",
          "checksum": "c91b46d6bde40e4ee313cf2ecb5348fa"
        },
        {
          "type": "icon",
          "assetId": "XRffJqLdEBrY",
          "checksum": "bdd3b45201d5a23e30a5d5591cfd2432"
        },
        {
          "type": "icon",
          "assetId": "AhmcUg2UdeFm",
          "checksum": "a24c747264ee6f11c82bc48e801ff71b"
        },
        {
          "type": "icon",
          "assetId": "fmXhALjeSRW1",
          "checksum": "d51b5b5df7eb13986ec5c10a88d271c5"
        },
        {
          "type": "icon",
          "assetId": "zxfdH5myKmlz",
          "checksum": "d9a36d2de6f42e6a3462efa154f9d291"
        },
        {
          "type": "icon",
          "assetId": "L2vAIml0FWL8",
          "checksum": "cd68e31b12ef712ed414af95e3ab2e80"
        },
        {
          "type": "icon",
          "assetId": "BH8a98kuJJUo",
          "checksum": "262659957097debe7873bc2017f4ffc0"
        },
        {
          "type": "icon",
          "assetId": "-K9ylsedi4QO",
          "checksum": "b9b96c15808e806e385e4a495f8587da"
        },
        {
          "type": "icon",
          "assetId": "moTnu4oq_HA-",
          "checksum": "03fcb8f037acd5c2ae23c63ec4ffa751"
        },
        {
          "type": "icon",
          "assetId": "GbzZy2GWihXq",
          "checksum": "6452a280803d970e7ae3c36d2e6f2b4d"
        },
        {
          "type": "icon",
          "assetId": "2w37hwP-D-Mq",
          "checksum": "22ce6cb3846aa2f806b8904d1a9755c5"
        },
        {
          "type": "icon",
          "assetId": "qRp1WhymMpuN",
          "checksum": "336f1027451f4bebf1e95fc68d95b45d"
        },
        {
          "type": "icon",
          "assetId": "HVi1LEZ3Q4lB",
          "checksum": "ab6ac1ca26019e013bf1bedad1094b76"
        },
        {
          "type": "icon",
          "assetId": "C8lVtw-kjA6U",
          "checksum": "d34f8ea8bbd874ce7a9f25e0f152334f"
        },
        {
          "type": "icon",
          "assetId": "jtCJEpxC8S2C",
          "checksum": "4acc722baf350f1a192d691cde4946e8"
        },
        {
          "type": "icon",
          "assetId": "6-DeGEuV7lSo",
          "checksum": "e7ae42be8c1be2d674efde13f0e82453"
        },
        {
          "type": "icon",
          "assetId": "dD1PVKW22kHJ",
          "checksum": "743ddddaeb9b2d345f5663ae14f50626"
        },
        {
          "type": "icon",
          "assetId": "i0oS3ithAfjx",
          "checksum": "fc2237af628ec08fefa1c11aa72f03f8"
        },
        {
          "type": "image",
          "assetId": "E0iFjLBcLbj-",
          "checksum": "97e3560ce41ea360b95e4304763ee4a9"
        },
        {
          "type": "image",
          "assetId": "RvnNh2T608VS",
          "checksum": "dd0d2fda5760091b992b70bac03a0377"
        },
        {
          "type": "image",
          "assetId": "iW8GGjXfSNVT",
          "checksum": "50a7d91ffd8ba8dcfab1b17be129f876"
        },
        {
          "type": "image",
          "assetId": "LB8epLm-9hT4",
          "checksum": "247ce4113c5a875299c106ead37fbeb3"
        },
        {
          "type": "image",
          "assetId": "isXZlG1f2dE4",
          "checksum": "f5dc26c4f33ef322a112c99406219eb8"
        },
        {
          "type": "image",
          "assetId": "rJ7mOp7ye6Gp",
          "checksum": "bf320d944e930b0bcbedb9f701cbfb0b"
        },
        {
          "type": "image",
          "assetId": "BK3nHowLx5MH",
          "checksum": "ac367453a9e39bb884a5af695c5b1bef"
        },
        {
          "type": "image",
          "assetId": "KPOdBiB6IEKh",
          "checksum": "76c17f196450cb2807f413d23e6c504f"
        },
        {
          "type": "image",
          "assetId": "dVazf50TPfcj",
          "checksum": "5f2b931175f7ade2c9fa96e31b122715"
        },
        {
          "type": "image",
          "assetId": "S5BI4P_v5b-S",
          "checksum": "b0ad8c67db6fac14a82f425d5ee5a09f"
        },
        {
          "type": "image",
          "assetId": "TDj0gkchGpJs",
          "checksum": "e29aa96077e341163ac64351100c15fd"
        },
        {
          "type": "image",
          "assetId": "Im3bspiT5K8y",
          "checksum": "b694a0e5c290ffab6113b2e64183edc6"
        },
        {
          "type": "image",
          "assetId": "cOU9lhkDVRnM",
          "checksum": "ea9ee05d044eb518e826ce855ad117cf"
        },
        {
          "type": "image",
          "assetId": "2X6xQbxyui3C",
          "checksum": "dd39f5efd85f71fe99a1ceac56ebd51c"
        },
        {
          "type": "image",
          "assetId": "1kHyQNr97s0g",
          "checksum": "9874616af4320949b0d3271f2545f0f5"
        },
        {
          "type": "image",
          "assetId": "QOGSmY6YYqV1",
          "checksum": "5de983b9940cf921692cf7d2adc142d7"
        },
        {
          "type": "image",
          "assetId": "wo72BVlaYnz8",
          "checksum": "87a6dd81df9051ea20b52249d33a216f"
        },
        {
          "type": "image",
          "assetId": "tHUc3Tke1-pa",
          "checksum": "326beaf315db351dbcfb5a4f1849005f"
        },
        {
          "type": "image",
          "assetId": "1vtp6JbLFteE",
          "checksum": "49e47238f572ccf4bdb6769e2ce19c0c"
        },
        {
          "type": "image",
          "assetId": "hVqsoo28W_9a",
          "checksum": "939cc18b2c57157d0dcd7e54c91c0a02"
        },
        {
          "type": "image",
          "assetId": "Z4LlHo5On-wR",
          "checksum": "e5110af2ddbc6e399907a751ec9bc3df"
        },
        {
          "type": "image",
          "assetId": "6Cs9MRR7Hd9F",
          "checksum": "58a05b3ebf9a69cb06a0c446a6d619f8"
        },
        {
          "type": "image",
          "assetId": "DsMoTP4Cc6Bz",
          "checksum": "445ce9e03a74c6cd00f4f570afe442f0"
        },
        {
          "type": "image",
          "assetId": "BTZGquOzwFQe",
          "checksum": "515598610674e2229c90faec6cd345d3"
        },
        {
          "type": "image",
          "assetId": "ASvbOwlp8T53",
          "checksum": "b2edbc197d8fe7923b1b10c567dec658"
        },
        {
          "type": "image",
          "assetId": "KT3DS8qV8fLx",
          "checksum": "45777470740c43fe7884018c2a8d9c88"
        },
        {
          "type": "image",
          "assetId": "lGs6VtZaZ5Rw",
          "checksum": "54dfc523f1aa607544f086cec949d3c4"
        },
        {
          "type": "image",
          "assetId": "USe8Sltv-xqK",
          "checksum": "a983b580d78a4ae3b4f434e41b7c6361"
        },
        {
          "type": "image",
          "assetId": "pecL45gDZcNm",
          "checksum": "e6aabc7b1bc9495751bfda44c30a808e"
        },
        {
          "type": "image",
          "assetId": "-2RhYAHDN9yG",
          "checksum": "33bc7f538be5766df78c02e83528859a"
        },
        {
          "type": "image",
          "assetId": "-EXNZAw21zBF",
          "checksum": "71c435ff3a61cfcdcec09a75db15a423"
        },
        {
          "type": "image",
          "assetId": "s1gOCZ0jvez5",
          "checksum": "d4cdd98fb5fa12d1844aa3a503eb273e"
        },
        {
          "type": "image",
          "assetId": "aNOnCLKP6VSr",
          "checksum": "39a17443eb66d049a581c699a4c16486"
        },
        {
          "type": "image",
          "assetId": "xpRHYhUQWAIQ",
          "checksum": "bd84737fe41a3207b9ae0dc3227c895f"
        },
        {
          "type": "image",
          "assetId": "zsDJLHkFhqUs",
          "checksum": "ac043dfc6cb5155e1bebeaae9daa1740"
        },
        {
          "type": "image",
          "assetId": "plH4ZfM-lnHL",
          "checksum": "362d68f437bce8ab1d34bab9d6bf0544"
        },
        {
          "type": "image",
          "assetId": "TKnO7I3YWo-_",
          "checksum": "b1c90edcb6ad365697c95db9421a20ee"
        },
        {
          "type": "image",
          "assetId": "YmIYAaIjaF2o",
          "checksum": "a2a5bf197e72322fdd1e6838c9e8c7f2"
        },
        {
          "type": "image",
          "assetId": "5UksI5O_GlMQ",
          "checksum": "2ce5c9460d0705787b9b94974c4728d8"
        },
        {
          "type": "image",
          "assetId": "joGdurLZyi5o",
          "checksum": "cd6598af1cd510d5ce2f3b86745885cb"
        },
        {
          "type": "image",
          "assetId": "926ZByJxRMY6",
          "checksum": "17a2ecc1b75fe42f1107a9de3531c507"
        },
        {
          "type": "image",
          "assetId": "CTfTKLa0mWCL",
          "checksum": "76f14aacbb5396d42a9d207e75ef28d1"
        },
        {
          "type": "image",
          "assetId": "ZzloBV6hotTX",
          "checksum": "73f466eaeaca5063e0852018d6be5f2a"
        },
        {
          "type": "image",
          "assetId": "mTwvIs2pMUI7",
          "checksum": "266a65d7b6a6b24205bb5ae35ebcbdd0"
        },
        {
          "type": "image",
          "assetId": "FUh5Kxc0wzqp",
          "checksum": "c2522ef6008a958a6345b09f1337aace"
        },
        {
          "type": "image",
          "assetId": "iVgifAWNZHeV",
          "checksum": "0304b321275e4c21593f075d4520915a"
        },
        {
          "type": "image",
          "assetId": "-2LJjuNjShqK",
          "checksum": "9404b0aab4dd894868e0ae802143b78d"
        },
        {
          "type": "image",
          "assetId": "xcNxB2iroyzf",
          "checksum": "dff24ec24662c65bb9a9d5f805742b91"
        },
        {
          "type": "image",
          "assetId": "LaW5FWjTwloA",
          "checksum": "b306c0b982afc674e7b40b596ac9193a"
        },
        {
          "type": "image",
          "assetId": "qWHPXJhsbDep",
          "checksum": "8b64fa9488b272a86ed613b6dd42e954"
        },
        {
          "type": "image",
          "assetId": "HZHRdGpc5gQN",
          "checksum": "26a689eb8cc959142512751e2b1a12e6"
        },
        {
          "type": "image",
          "assetId": "qZA_dBDh7iRD",
          "checksum": "9985fe2d12a4df25f20f8d714e3070f7"
        },
        {
          "type": "image",
          "assetId": "-xkGjtN5m1T2",
          "checksum": "089043b9b8bb5a652f714d33708f1737"
        },
        {
          "type": "image",
          "assetId": "JsMmQh-Echx4",
          "checksum": "acd30bf290737da7821ba91432c77d20"
        },
        {
          "type": "image",
          "assetId": "3HiOS7BJ8rJD",
          "checksum": "9805ed1fbc894c09258a4fa75f0b416d"
        },
        {
          "type": "image",
          "assetId": "IgwBZTGuCs_B",
          "checksum": "052ac50b5223870de065f2c3821919dd"
        },
        {
          "type": "image",
          "assetId": "m8456XmK9oau",
          "checksum": "a5da285131da3e0c7c2c426d05c6b1f3"
        },
        {
          "type": "image",
          "assetId": "QWUCavD0-qoc",
          "checksum": "4e51de6cf6160963562ef1d61eb1f67c"
        },
        {
          "type": "image",
          "assetId": "4JldPraSK_T4",
          "checksum": "94bc1b1da3d8b0d5f2b1e9b77bfb2e32"
        },
        {
          "type": "image",
          "assetId": "na_6FRKG8Q8Y",
          "checksum": "7611128821f606461331dbc338f83394"
        },
        {
          "type": "image",
          "assetId": "m-_NaKZBdRo6",
          "checksum": "aff9845699900ddfda95117eb3ff06d8"
        },
        {
          "type": "image",
          "assetId": "VvpGj8jppBlN",
          "checksum": "fb77ca7568cd01bd4386973440f78382"
        },
        {
          "type": "image",
          "assetId": "w3paof3w2Wa7",
          "checksum": "c5fe717b8b1c0b86670278c03ac32f0a"
        },
        {
          "type": "image",
          "assetId": "Q7btwihMftfn",
          "checksum": "054c7ae9dc26ff3cf6400ad61c41882d"
        },
        {
          "type": "image",
          "assetId": "H1I6NZ_uWgZn",
          "checksum": "202b6bccbd224280c3992beb6ade2b5b"
        },
        {
          "type": "image",
          "assetId": "qiewoJV6zDMV",
          "checksum": "73988a71615428b8d2429083c354816f"
        },
        {
          "type": "image",
          "assetId": "Bnzzav7WwCzb",
          "checksum": "7bbbd5f1d956cf3e6484511d31bde598"
        },
        {
          "type": "image",
          "assetId": "dWTUoHDVP7B6",
          "checksum": "fdb90fc3ebb8c685944612f54e5f6a95"
        },
        {
          "type": "image",
          "assetId": "opBfn20knsTw",
          "checksum": "e2c9feb2bd9f48a2c7eb47a73a85da73"
        },
        {
          "type": "image",
          "assetId": "QUCPs_FtYwsZ",
          "checksum": "7c4a33d216f403ad5b15e87b7adc7ef4"
        },
        {
          "type": "image",
          "assetId": "z2t1EVp0z65a",
          "checksum": "5c766f6a879b46e20bf54c63234a330a"
        },
        {
          "type": "image",
          "assetId": "8Ov86rD6ga_i",
          "checksum": "7e712f4761337782fdbc23796f0d82ad"
        },
        {
          "type": "image",
          "assetId": "4D6xaMsMgXSD",
          "checksum": "ad9c62132c8cdb6c01ee1795d9831254"
        },
        {
          "type": "image",
          "assetId": "r3a72ojie9bK",
          "checksum": "b8c3d79495ed4641c762237f0be749d9"
        },
        {
          "type": "image",
          "assetId": "osOVQG_HZIgr",
          "checksum": "8cbbcc7f098560dd9b8ae678604b6898"
        },
        {
          "type": "image",
          "assetId": "ehZWoUYTA36T",
          "checksum": "bea84bba4423e4f90ba2a8bebc9fd87a"
        },
        {
          "type": "image",
          "assetId": "rYUajaFDa6V_",
          "checksum": "a4c09d83333ddbbf96a54fe9551c64d0"
        },
        {
          "type": "image",
          "assetId": "-8mrF3zE4B_k",
          "checksum": "61d8a9910f1c44c65147436e2a0ccbb3"
        },
        {
          "type": "image",
          "assetId": "Xb3TRSPI0QTd",
          "checksum": "f5df770d2a0b8896ba87b0b6ac781b45"
        },
        {
          "type": "image",
          "assetId": "4ENekpAHXwGw",
          "checksum": "14259b0cb1a3f4e9554c44610e424536"
        },
        {
          "type": "image",
          "assetId": "_5ED_I8yl926",
          "checksum": "4294959105fe3c95848a4ce01b115b0d"
        },
        {
          "type": "image",
          "assetId": "lO-4jSEFHTgK",
          "checksum": "a46df6ae4caa03f3799416f2ce1dbeed"
        },
        {
          "type": "image",
          "assetId": "njKDMj9GwROl",
          "checksum": "7694ff29d1b01196c189e08b45c3cad8"
        },
        {
          "type": "image",
          "assetId": "2JxMqOC8yHQg",
          "checksum": "eee486e27f05b0e1343a18f961c5d75f"
        },
        {
          "type": "image",
          "assetId": "UBB_1GwKJswB",
          "checksum": "3b76225213121551bbe23ff081de9e68"
        },
        {
          "type": "image",
          "assetId": "0L5l1Cu0eXVq",
          "checksum": "20000626e33860fec96f3261167834da"
        },
        {
          "type": "image",
          "assetId": "X-rSBf2rRvcH",
          "checksum": "3d15586e721e2d28cb0cad739c331041"
        },
        {
          "type": "image",
          "assetId": "97hNIsFi2f-9",
          "checksum": "a815290cdf8ebb08aef19f0f25b2b6b7"
        },
        {
          "type": "image",
          "assetId": "lH44pNtGjRVQ",
          "checksum": "6be1796383a1d644e98e8e1f7b497fbd"
        },
        {
          "type": "image",
          "assetId": "wRgj7sxN03wC",
          "checksum": "7589d4f96042afdf694335bed15ee5be"
        },
        {
          "type": "image",
          "assetId": "fSOrfv6lXGaw",
          "checksum": "d5094a2ad81921830444ef314920bee5"
        },
        {
          "type": "image",
          "assetId": "HRBwkP5ZWn2K",
          "checksum": "542f30adabcaf280c3b4ef3ec8d517f1"
        },
        {
          "type": "image",
          "assetId": "7gIbeGFaB-Bu",
          "checksum": "72a5bda7281ae2b606bfbd889c0e7340"
        },
        {
          "type": "image",
          "assetId": "yWaPtLnwMlyr",
          "checksum": "8a9817493e042f9efbb3c8d327cb0492"
        },
        {
          "type": "image",
          "assetId": "q5Ws-TyrR7PQ",
          "checksum": "2047571ba4c3707a247d37bcce121818"
        },
        {
          "type": "image",
          "assetId": "KYhtjE09x0LP",
          "checksum": "842e10796e585adbffd712d4bd36e062"
        },
        {
          "type": "image",
          "assetId": "_TKPw40Qn2p_",
          "checksum": "807d8b81de3c226f3e9c19e4dc8d6c99"
        },
        {
          "type": "image",
          "assetId": "7qTAnhn6e7pi",
          "checksum": "63ee7e515b73489d78dbc8b212b21e63"
        },
        {
          "type": "image",
          "assetId": "oglF3MwtMplb",
          "checksum": "8e337c2ba11ea1137ae96c8f3c64edf0"
        },
        {
          "type": "image",
          "assetId": "ijn8gMI7GABo",
          "checksum": "761d718578e9fdd9b167253ce0f64060"
        },
        {
          "type": "image",
          "assetId": "w89N5MtGr9xZ",
          "checksum": "8212b8373b487ec2501389e06f22ce68"
        },
        {
          "type": "image",
          "assetId": "H_RBC9C5su02",
          "checksum": "030f2c3b91398f01b40ff825b61a81e6"
        },
        {
          "assetId": "mJqpyqbUtzd2VoHjhzzUXf",
          "type": "projectCss",
          "checksum": "f18d5370268e9a5cbb8f7bc7629b9e77"
        }
      ],
      "codegenVersion": "0.0.2"
    }
  ],
  "cliVersion": "0.1.342"
}
